
Microsoft Visual Studio Solution File, Format Version 12.00
# Visual Studio Version 16
VisualStudioVersion = 16.0.30804.86
MinimumVisualStudioVersion = 10.0.40219.1
Project("{9092AA53-FB77-4645-B42D-1CCCA6BD08BD}") = "NodejsWebApp1", "NodejsWebApp1\NodejsWebApp1.njsproj", "{7E4E2CCB-F5BC-4D44-A598-7EA163A92FD1}"
EndProject
Global
	GlobalSection(SolutionConfigurationPlatforms) = preSolution
		Debug|Any CPU = Debug|Any CPU
		Release|Any CPU = Release|Any CPU
	EndGlobalSection
	GlobalSection(ProjectConfigurationPlatforms) = postSolution
		{7E4E2CCB-F5BC-4D44-A598-7EA163A92FD1}.Debug|Any CPU.ActiveCfg = Debug|Any CPU
		{7E4E2CCB-F5BC-4D44-A598-7EA163A92FD1}.Debug|Any CPU.Build.0 = Debug|Any CPU
		{7E4E2CCB-F5BC-4D44-A598-7EA163A92FD1}.Release|Any CPU.ActiveCfg = Release|Any CPU
		{7E4E2CCB-F5BC-4D44-A598-7EA163A92FD1}.Release|Any CPU.Build.0 = Release|Any CPU
	EndGlobalSection
	GlobalSection(SolutionProperties) = preSolution
		HideSolutionNode = FALSE
	EndGlobalSection
	GlobalSection(ExtensibilityGlobals) = postSolution
		SolutionGuid = {B0C4E9E7-7A6F-4E1F-9F82-73F202A03389}
	EndGlobalSection
EndGlobal
